
Microsoft Visual Studio Solution File, Format Version 12.00
# Visual Studio Version 16
VisualStudioVersion = 16.0.29503.13
MinimumVisualStudioVersion = 10.0.40219.1
Project("{FAE04EC0-301F-11D3-BF4B-00C04F79EFBC}") = "SpherePasswordManager", "SpherePasswordManager.csproj", "{40BE3583-90FF-4A19-9E16-34AE435A2CF2}"
EndProject
Global
	GlobalSection(SolutionConfigurationPlatforms) = preSolution
		Debug|Any CPU = Debug|Any CPU
		Release|Any CPU = Release|Any CPU
	EndGlobalSection
	GlobalSection(ProjectConfigurationPlatforms) = postSolution
		{40BE3583-90FF-4A19-9E16-34AE435A2CF2}.Debug|Any CPU.ActiveCfg = Debug|Any CPU
		{40BE3583-90FF-4A19-9E16-34AE435A2CF2}.Debug|Any CPU.Build.0 = Debug|Any CPU
		{40BE3583-90FF-4A19-9E16-34AE435A2CF2}.Release|Any CPU.ActiveCfg = Release|Any CPU
		{40BE3583-90FF-4A19-9E16-34AE435A2CF2}.Release|Any CPU.Build.0 = Release|Any CPU
	EndGlobalSection
	GlobalSection(SolutionProperties) = preSolution
		HideSolutionNode = FALSE
	EndGlobalSection
	GlobalSection(ExtensibilityGlobals) = postSolution
		SolutionGuid = {B4965052-5BBC-4846-A760-9FF99A4189E3}
	EndGlobalSection
EndGlobal
